
Microsoft Visual Studio Solution File, Format Version 12.00
# Visual Studio Version 17
VisualStudioVersion = 17.0.32112.339
MinimumVisualStudioVersion = 10.0.40219.1
Project("{9A19103F-16F7-4668-BE54-9A1E7A4F7556}") = "SistemaWebPedidos.Core", "SistemaWebPedidos.Core\SistemaWebPedidos.Core.csproj", "{39732BA3-B961-4FB4-A128-1AF47D3AF547}"
EndProject
Project("{9A19103F-16F7-4668-BE54-9A1E7A4F7556}") = "SistemaWebPedidos.Infrastructure", "SistemaWebPedidos.Infrastructure\SistemaWebPedidos.Infrastructure.csproj", "{79633C4A-6076-4801-A269-8ABC7E31CD3C}"
EndProject
Project("{9A19103F-16F7-4668-BE54-9A1E7A4F7556}") = "SistemaWebPedidos.Application", "SistemaWebPedidos.Application\SistemaWebPedidos.Application.csproj", "{E6CCDB51-BECA-4B37-B8A6-D5527D2A1FE6}"
EndProject
Project("{9A19103F-16F7-4668-BE54-9A1E7A4F7556}") = "SistemaWebPedidos.Api", "SistemaWebPedido.Api\SistemaWebPedidos.Api.csproj", "{E357498D-A94E-4F8E-810B-465CA2B094C4}"
EndProject
Global
	GlobalSection(SolutionConfigurationPlatforms) = preSolution
		Debug|Any CPU = Debug|Any CPU
		Release|Any CPU = Release|Any CPU
	EndGlobalSection
	GlobalSection(ProjectConfigurationPlatforms) = postSolution
		{39732BA3-B961-4FB4-A128-1AF47D3AF547}.Debug|Any CPU.ActiveCfg = Debug|Any CPU
		{39732BA3-B961-4FB4-A128-1AF47D3AF547}.Debug|Any CPU.Build.0 = Debug|Any CPU
		{39732BA3-B961-4FB4-A128-1AF47D3AF547}.Release|Any CPU.ActiveCfg = Release|Any CPU
		{39732BA3-B961-4FB4-A128-1AF47D3AF547}.Release|Any CPU.Build.0 = Release|Any CPU
		{79633C4A-6076-4801-A269-8ABC7E31CD3C}.Debug|Any CPU.ActiveCfg = Debug|Any CPU
		{79633C4A-6076-4801-A269-8ABC7E31CD3C}.Debug|Any CPU.Build.0 = Debug|Any CPU
		{79633C4A-6076-4801-A269-8ABC7E31CD3C}.Release|Any CPU.ActiveCfg = Release|Any CPU
		{79633C4A-6076-4801-A269-8ABC7E31CD3C}.Release|Any CPU.Build.0 = Release|Any CPU
		{E6CCDB51-BECA-4B37-B8A6-D5527D2A1FE6}.Debug|Any CPU.ActiveCfg = Debug|Any CPU
		{E6CCDB51-BECA-4B37-B8A6-D5527D2A1FE6}.Debug|Any CPU.Build.0 = Debug|Any CPU
		{E6CCDB51-BECA-4B37-B8A6-D5527D2A1FE6}.Release|Any CPU.ActiveCfg = Release|Any CPU
		{E6CCDB51-BECA-4B37-B8A6-D5527D2A1FE6}.Release|Any CPU.Build.0 = Release|Any CPU
		{E357498D-A94E-4F8E-810B-465CA2B094C4}.Debug|Any CPU.ActiveCfg = Debug|Any CPU
		{E357498D-A94E-4F8E-810B-465CA2B094C4}.Debug|Any CPU.Build.0 = Debug|Any CPU
		{E357498D-A94E-4F8E-810B-465CA2B094C4}.Release|Any CPU.ActiveCfg = Release|Any CPU
		{E357498D-A94E-4F8E-810B-465CA2B094C4}.Release|Any CPU.Build.0 = Release|Any CPU
	EndGlobalSection
	GlobalSection(SolutionProperties) = preSolution
		HideSolutionNode = FALSE
	EndGlobalSection
	GlobalSection(ExtensibilityGlobals) = postSolution
		SolutionGuid = {E1D634F8-B630-4BC9-9084-EE923D9153E8}
	EndGlobalSection
EndGlobal
